// !$*UTF8*$!
{
	archiveVersion = 1;
	classes = {
	};
	objectVersion = 50;
	objects = {

/* Begin PBXBuildFile section */
		092DC52820C3228D00D43B52 /* AppDelegate.m in Sources */ = {isa = PBXBuildFile; fileRef = 092DC52720C3228D00D43B52 /* AppDelegate.m */; };
		092DC52B20C3228D00D43B52 /* ViewController.m in Sources */ = {isa = PBXBuildFile; fileRef = 092DC52A20C3228D00D43B52 /* ViewController.m */; };
		092DC52E20C3228D00D43B52 /* Main.storyboard in Resources */ = {isa = PBXBuildFile; fileRef = 092DC52C20C3228D00D43B52 /* Main.storyboard */; };
		092DC53020C3228E00D43B52 /* Assets.xcassets in Resources */ = {isa = PBXBuildFile; fileRef = 092DC52F20C3228E00D43B52 /* Assets.xcassets */; };
		092DC53320C3228E00D43B52 /* LaunchScreen.storyboard in Resources */ = {isa = PBXBuildFile; fileRef = 092DC53120C3228E00D43B52 /* LaunchScreen.storyboard */; };
		092DC53620C3228E00D43B52 /* main.m in Sources */ = {isa = PBXBuildFile; fileRef = 092DC53520C3228E00D43B52 /* main.m */; };
/* End PBXBuildFile section */

/* Begin PBXFileReference section */
		092DC52320C3228D00D43B52 /* SwitchingXIBView.app */ = {isa = PBXFileReference; explicitFileType = wrapper.application; includeInIndex = 0; path = SwitchingXIBView.app; sourceTree = BUILT_PRODUCTS_DIR; };
		092DC52620C3228D00D43B52 /* AppDelegate.h */ = {isa = PBXFileReference; lastKnownFileType = sourcecode.c.h; path = AppDelegate.h; sourceTree = "<group>"; };
		092DC52720C3228D00D43B52 /* AppDelegate.m */ = {isa = PBXFileReference; lastKnownFileType = sourcecode.c.objc; path = AppDelegate.m; sourceTree = "<group>"; };
		092DC52920C3228D00D43B52 /* ViewController.h */ = {isa = PBXFileReference; lastKnownFileType = sourcecode.c.h; path = ViewController.h; sourceTree = "<group>"; };
		092DC52A20C3228D00D43B52 /* ViewController.m */ = {isa = PBXFileReference; lastKnownFileType = sourcecode.c.objc; path = ViewController.m; sourceTree = "<group>"; };
		092DC52D20C3228D00D43B52 /* Base */ = {isa = PBXFileReference; lastKnownFileType = file.storyboard; name = Base; path = Base.lproj/Main.storyboard; sourceTree = "<group>"; };
		092DC52F20C3228E00D43B52 /* Assets.xcassets */ = {isa = PBXFileReference; lastKnownFileType = folder.assetcatalog; path = Assets.xcassets; sourceTree = "<group>"; };
		092DC53220C3228E00D43B52 /* Base */ = {isa = PBXFileReference; lastKnownFileType = file.storyboard; name = Base; path = Base.lproj/LaunchScreen.storyboard; sourceTree = "<group>"; };
		092DC53420C3228E00D43B52 /* Info.plist */ = {isa = PBXFileReference; lastKnownFileType = text.plist.xml; path = Info.plist; sourceTree = "<group>"; };
		092DC53520C3228E00D43B52 /* main.m */ = {isa = PBXFileReference; lastKnownFileType = sourcecode.c.objc; path = main.m; sourceTree = "<group>"; };
/* End PBXFileReference section */

/* Begin PBXFrameworksBuildPhase section */
		092DC52020C3228D00D43B52 /* Frameworks */ = {
			isa = PBXFrameworksBuildPhase;
			buildActionMask = 2147483647;
			files = (
			);
			runOnlyForDeploymentPostprocessing = 0;
		};
/* End PBXFrameworksBuildPhase section */

/* Begin PBXGroup section */
		092DC51A20C3228D00D43B52 = {
			isa = PBXGroup;
			children = (
				092DC52520C3228D00D43B52 /* SwitchingXIBView */,
				092DC52420C3228D00D43B52 /* Products */,
			);
			sourceTree = "<group>";
		};
		092DC52420C3228D00D43B52 /* Products */ = {
			isa = PBXGroup;
			children = (
				092DC52320C3228D00D43B52 /* SwitchingXIBView.app */,
			);
			name = Products;
			sourceTree = "<group>";
		};
		092DC52520C3228D00D43B52 /* SwitchingXIBView */ = {
			isa = PBXGroup;
			children = (
				092DC52620C3228D00D43B52 /* AppDelegate.h */,
				092DC52720C3228D00D43B52 /* AppDelegate.m */,
				092DC52920C3228D00D43B52 /* ViewController.h */,
				092DC52A20C3228D00D43B52 /* ViewController.m */,
				092DC52C20C3228D00D43B52 /* Main.storyboard */,
				092DC52F20C3228E00D43B52 /* Assets.xcassets */,
				092DC53120C3228E00D43B52 /* LaunchScreen.storyboard */,
				092DC53420C3228E00D43B52 /* Info.plist */,
				092DC53520C3228E00D43B52 /* main.m */,
			);
			path = SwitchingXIBView;
			sourceTree = "<group>";
		};
/* End PBXGroup section */

/* Begin PBXNativeTarget section */
		092DC52220C3228D00D43B52 /* SwitchingXIBView */ = {
			isa = PBXNativeTarget;
			buildConfigurationList = 092DC53920C3228E00D43B52 /* Build configuration list for PBXNativeTarget "SwitchingXIBView" */;
			buildPhases = (
				092DC51F20C3228D00D43B52 /* Sources */,
				092DC52020C3228D00D43B52 /* Frameworks */,
				092DC52120C3228D00D43B52 /* Resources */,
			);
			buildRules = (
			);
			dependencies = (
			);
			name = SwitchingXIBView;
			productName = SwitchingXIBView;
			productReference = 092DC52320C3228D00D43B52 /* SwitchingXIBView.app */;
			productType = "com.apple.product-type.application";
		};
/* End PBXNativeTarget section */

/* Begin PBXProject section */
		092DC51B20C3228D00D43B52 /* Project object */ = {
			isa = PBXProject;
			attributes = {
				LastUpgradeCheck = 0930;
				ORGANIZATIONNAME = "Илья Юхновский";
				TargetAttributes = {
					092DC52220C3228D00D43B52 = {
						CreatedOnToolsVersion = 9.3;
					};
				};
			};
			buildConfigurationList = 092DC51E20C3228D00D43B52 /* Build configuration list for PBXProject "SwitchingXIBView" */;
			compatibilityVersion = "Xcode 9.3";
			developmentRegion = en;
			hasScannedForEncodings = 0;
			knownRegions = (
				en,
				Base,
			);
			mainGroup = 092DC51A20C3228D00D43B52;
			productRefGroup = 092DC52420C3228D00D43B52 /* Products */;
			projectDirPath = "";
			projectRoot = "";
			targets = (
				092DC52220C3228D00D43B52 /* SwitchingXIBView */,
			);
		};
/* End PBXProject section */

/* Begin PBXResourcesBuildPhase section */
		092DC52120C3228D00D43B52 /* Resources */ = {
			isa = PBXResourcesBuildPhase;
			buildActionMask = 2147483647;
			files = (
				092DC53320C3228E00D43B52 /* LaunchScreen.storyboard in Resources */,
				092DC53020C3228E00D43B52 /* Assets.xcassets in Resources */,
				092DC52E20C3228D00D43B52 /* Main.storyboard in Resources */,
			);
			runOnlyForDeploymentPostprocessing = 0;
		};
/* End PBXResourcesBuildPhase section */

/* Begin PBXSourcesBuildPhase section */
		092DC51F20C3228D00D43B52 /* Sources */ = {
			isa = PBXSourcesBuildPhase;
			buildActionMask = 2147483647;
			files = (
				092DC52B20C3228D00D43B52 /* ViewController.m in Sources */,
				092DC53620C3228E00D43B52 /* main.m in Sources */,
				092DC52820C3228D00D43B52 /* AppDelegate.m in Sources */,
			);
			runOnlyForDeploymentPostprocessing = 0;
		};
/* End PBXSourcesBuildPhase section */

/* Begin PBXVariantGroup section */
		092DC52C20C3228D00D43B52 /* Main.storyboard */ = {
			isa = PBXVariantGroup;
			children = (
				092DC52D20C3228D00D43B52 /* Base */,
			);
			name = Main.storyboard;
			sourceTree = "<group>";
		};
		092DC53120C3228E00D43B52 /* LaunchScreen.storyboard */ = {
			isa = PBXVariantGroup;
			children = (
				092DC53220C3228E00D43B52 /* Base */,
			);
			name = LaunchScreen.storyboard;
			sourceTree = "<group>";
		};
/* End PBXVariantGroup section */

/* Begin XCBuildConfiguration section */
		092DC53720C3228E00D43B52 /* Debug */ = {
			isa = XCBuildConfiguration;
			buildSettings = {
				ALWAYS_SEARCH_USER_PATHS = NO;
				CLANG_ANALYZER_NONNULL = YES;
				CLANG_ANALYZER_NUMBER_OBJECT_CONVERSION = YES_AGGRESSIVE;
				CLANG_CXX_LANGUAGE_STANDARD = "gnu++14";
				CLANG_CXX_LIBRARY = "libc++";
				CLANG_ENABLE_MODULES = YES;
				CLANG_ENABLE_OBJC_ARC = YES;
				CLANG_ENABLE_OBJC_WEAK = YES;
				CLANG_WARN_BLOCK_CAPTURE_AUTORELEASING = YES;
				CLANG_WARN_BOOL_CONVERSION = YES;
				CLANG_WARN_COMMA = YES;
				CLANG_WARN_CONSTANT_CONVERSION = YES;
				CLANG_WARN_DEPRECATED_OBJC_IMPLEMENTATIONS = YES;
				CLANG_WARN_DIRECT_OBJC_ISA_USAGE = YES_ERROR;
				CLANG_WARN_DOCUMENTATION_COMMENTS = YES;
				CLANG_WARN_EMPTY_BODY = YES;
				CLANG_WARN_ENUM_CONVERSION = YES;
				CLANG_WARN_INFINITE_RECURSION = YES;
				CLANG_WARN_INT_CONVERSION = YES;
				CLANG_WARN_NON_LITERAL_NULL_CONVERSION = YES;
				CLANG_WARN_OBJC_IMPLICIT_RETAIN_SELF = YES;
				CLANG_WARN_OBJC_LITERAL_CONVERSION = YES;
				CLANG_WARN_OBJC_ROOT_CLASS = YES_ERROR;
				CLANG_WARN_RANGE_LOOP_ANALYSIS = YES;
				CLANG_WARN_STRICT_PROTOTYPES = YES;
				CLANG_WARN_SUSPICIOUS_MOVE = YES;
				CLANG_WARN_UNGUARDED_AVAILABILITY = YES_AGGRESSIVE;
				CLANG_WARN_UNREACHABLE_CODE = YES;
				CLANG_WARN__DUPLICATE_METHOD_MATCH = YES;
				CODE_SIGN_IDENTITY = "iPhone Developer";
				COPY_PHASE_STRIP = NO;
				DEBUG_INFORMATION_FORMAT = dwarf;
				ENABLE_STRICT_OBJC_MSGSEND = YES;
				ENABLE_TESTABILITY = YES;
				GCC_C_LANGUAGE_STANDARD = gnu11;
				GCC_DYNAMIC_NO_PIC = NO;
				GCC_NO_COMMON_BLOCKS = YES;
				GCC_OPTIMIZATION_LEVEL = 0;
				GCC_PREPROCESSOR_DEFINITIONS = (
					"DEBUG=1",
					"$(inherited)",
				);
				GCC_WARN_64_TO_32_BIT_CONVERSION = YES;
				GCC_WARN_ABOUT_RETURN_TYPE = YES_ERROR;
				GCC_WARN_UNDECLARED_SELECTOR = YES;
				GCC_WARN_UNINITIALIZED_AUTOS = YES_AGGRESSIVE;
				GCC_WARN_UNUSED_FUNCTION = YES;
				GCC_WARN_UNUSED_VARIABLE = YES;
				IPHONEOS_DEPLOYMENT_TARGET = 11.3;
				MTL_ENABLE_DEBUG_INFO = YES;
				ONLY_ACTIVE_ARCH = YES;
				SDKROOT = iphoneos;
			};
			name = Debug;
		};
		092DC53820C3228E00D43B52 /* Release */ = {
			isa = XCBuildConfiguration;
			buildSettings = {
				ALWAYS_SEARCH_USER_PATHS = NO;
				CLANG_ANALYZER_NONNULL = YES;
				CLANG_ANALYZER_NUMBER_OBJECT_CONVERSION = YES_AGGRESSIVE;
				CLANG_CXX_LANGUAGE_STANDARD = "gnu++14";
				CLANG_CXX_LIBRARY = "libc++";
				CLANG_ENABLE_MODULES = YES;
				CLANG_ENABLE_OBJC_ARC = YES;
				CLANG_ENABLE_OBJC_WEAK = YES;
				CLANG_WARN_BLOCK_CAPTURE_AUTORELEASING = YES;
				CLANG_WARN_BOOL_CONVERSION = YES;
				CLANG_WARN_COMMA = YES;
				CLANG_WARN_CONSTANT_CONVERSION = YES;
				CLANG_WARN_DEPRECATED_OBJC_IMPLEMENTATIONS = YES;
				CLANG_WARN_DIRECT_OBJC_ISA_USAGE = YES_ERROR;
				CLANG_WARN_DOCUMENTATION_COMMENTS = YES;
				CLANG_WARN_EMPTY_BODY = YES;
				CLANG_WARN_ENUM_CONVERSION = YES;
				CLANG_WARN_INFINITE_RECURSION = YES;
				CLANG_WARN_INT_CONVERSION = YES;
				CLANG_WARN_NON_LITERAL_NULL_CONVERSION = YES;
				CLANG_WARN_OBJC_IMPLICIT_RETAIN_SELF = YES;
				CLANG_WARN_OBJC_LITERAL_CONVERSION = YES;
				CLANG_WARN_OBJC_ROOT_CLASS = YES_ERROR;
				CLANG_WARN_RANGE_LOOP_ANALYSIS = YES;
				CLANG_WARN_STRICT_PROTOTYPES = YES;
				CLANG_WARN_SUSPICIOUS_MOVE = YES;
				CLANG_WARN_UNGUARDED_AVAILABILITY = YES_AGGRESSIVE;
				CLANG_WARN_UNREACHABLE_CODE = YES;
				CLANG_WARN__DUPLICATE_METHOD_MATCH = YES;
				CODE_SIGN_IDENTITY = "iPhone Developer";
				COPY_PHASE_STRIP = NO;
				DEBUG_INFORMATION_FORMAT = "dwarf-with-dsym";
				ENABLE_NS_ASSERTIONS = NO;
				ENABLE_STRICT_OBJC_MSGSEND = YES;
				GCC_C_LANGUAGE_STANDARD = gnu11;
				GCC_NO_COMMON_BLOCKS = YES;
				GCC_WARN_64_TO_32_BIT_CONVERSION = YES;
				GCC_WARN_ABOUT_RETURN_TYPE = YES_ERROR;
				GCC_WARN_UNDECLARED_SELECTOR = YES;
				GCC_WARN_UNINITIALIZED_AUTOS = YES_AGGRESSIVE;
				GCC_WARN_UNUSED_FUNCTION = YES;
				GCC_WARN_UNUSED_VARIABLE = YES;
				IPHONEOS_DEPLOYMENT_TARGET = 11.3;
				MTL_ENABLE_DEBUG_INFO = NO;
				SDKROOT = iphoneos;
				VALIDATE_PRODUCT = YES;
			};
			name = Release;
		};
		092DC53A20C3228E00D43B52 /* Debug */ = {
			isa = XCBuildConfiguration;
			buildSettings = {
				ASSETCATALOG_COMPILER_APPICON_NAME = AppIcon;
				CODE_SIGN_STYLE = Automatic;
				DEVELOPMENT_TEAM = ZKNT78S249;
				INFOPLIST_FILE = SwitchingXIBView/Info.plist;
				LD_RUNPATH_SEARCH_PATHS = (
					"$(inherited)",
					"@executable_path/Frameworks",
				);
				PRODUCT_BUNDLE_IDENTIFIER = sberbank.ru.SwitchingXIBView;
				PRODUCT_NAME = "$(TARGET_NAME)";
				TARGETED_DEVICE_FAMILY = "1,2";
			};
			name = Debug;
		};
		092DC53B20C3228E00D43B52 /* Release */ = {
			isa = XCBuildConfiguration;
			buildSettings = {
				ASSETCATALOG_COMPILER_APPICON_NAME = AppIcon;
				CODE_SIGN_STYLE = Automatic;
				DEVELOPMENT_TEAM = ZKNT78S249;
				INFOPLIST_FILE = SwitchingXIBView/Info.plist;
				LD_RUNPATH_SEARCH_PATHS = (
					"$(inherited)",
					"@executable_path/Frameworks",
				);
				PRODUCT_BUNDLE_IDENTIFIER = sberbank.ru.SwitchingXIBView;
				PRODUCT_NAME = "$(TARGET_NAME)";
				TARGETED_DEVICE_FAMILY = "1,2";
			};
			name = Release;
		};
/* End XCBuildConfiguration section */

/* Begin XCConfigurationList section */
		092DC51E20C3228D00D43B52 /* Build configuration list for PBXProject "SwitchingXIBView" */ = {
			isa = XCConfigurationList;
			buildConfigurations = (
				092DC53720C3228E00D43B52 /* Debug */,
				092DC53820C3228E00D43B52 /* Release */,
			);
			defaultConfigurationIsVisible = 0;
			defaultConfigurationName = Release;
		};
		092DC53920C3228E00D43B52 /* Build configuration list for PBXNativeTarget "SwitchingXIBView" */ = {
			isa = XCConfigurationList;
			buildConfigurations = (
				092DC53A20C3228E00D43B52 /* Debug */,
				092DC53B20C3228E00D43B52 /* Release */,
			);
			defaultConfigurationIsVisible = 0;
			defaultConfigurationName = Release;
		};
/* End XCConfigurationList section */
	};
	rootObject = 092DC51B20C3228D00D43B52 /* Project object */;
}
